
Microsoft Visual Studio Solution File, Format Version 12.00
# Visual Studio Version 16
VisualStudioVersion = 16.0.29911.98
MinimumVisualStudioVersion = 10.0.40219.1
Project("{9A19103F-16F7-4668-BE54-9A1E7A4F7556}") = "ProjectReferencesTool", "ProjectReferencesTool\ProjectReferencesTool.csproj", "{2B363992-96AE-4945-98CB-6A547831AE9D}"
EndProject
Project("{9A19103F-16F7-4668-BE54-9A1E7A4F7556}") = "ToolInterfaces", "ToolInterfaces\ToolInterfaces.csproj", "{4F2986F4-9935-425E-86B0-639A4EBA699A}"
EndProject
Project("{9A19103F-16F7-4668-BE54-9A1E7A4F7556}") = "ProjectBinaryReferencesTool", "ProjectBinaryReferencesTool\ProjectBinaryReferencesTool.csproj", "{34A0120A-00FB-4388-9F4B-D940C8497951}"
EndProject
Project("{9A19103F-16F7-4668-BE54-9A1E7A4F7556}") = "rd-deep", "rd-deep\rd-deep.csproj", "{7A08B1E1-3566-45A9-90F7-35EA6AD92870}"
EndProject
Project("{9A19103F-16F7-4668-BE54-9A1E7A4F7556}") = "rd-deep.UnitTest", "rd-deep.UnitTest\rd-deep.UnitTest.csproj", "{79A29333-5B64-422F-898A-42212F3280F4}"
EndProject
Project("{9A19103F-16F7-4668-BE54-9A1E7A4F7556}") = "ToolClasses", "ToolClasses\ToolClasses.csproj", "{2ED3617A-FE99-4C28-9475-6A89C1B1BC85}"
EndProject
Project("{2150E333-8FDC-42A3-9474-1A3956D46DE8}") = "Solution Items", "Solution Items", "{2650C56A-1953-466D-96B8-A3227EC2121B}"
	ProjectSection(SolutionItems) = preProject
		.gitignore = .gitignore
		azure-pipelines.yml = azure-pipelines.yml
		Directory.Build.props = Directory.Build.props
		Directory.Build.targets = Directory.Build.targets
		LICENSE = LICENSE
		README.md = README.md
	EndProjectSection
EndProject
Project("{2150E333-8FDC-42A3-9474-1A3956D46DE8}") = ".nuget", ".nuget", "{356994CD-4568-4576-9549-349C99E56529}"
	ProjectSection(SolutionItems) = preProject
		.nuget\NuGet.Config = .nuget\NuGet.Config
	EndProjectSection
EndProject
Global
	GlobalSection(SolutionConfigurationPlatforms) = preSolution
		Debug|Any CPU = Debug|Any CPU
		Release|Any CPU = Release|Any CPU
	EndGlobalSection
	GlobalSection(ProjectConfigurationPlatforms) = postSolution
		{2B363992-96AE-4945-98CB-6A547831AE9D}.Debug|Any CPU.ActiveCfg = Debug|Any CPU
		{2B363992-96AE-4945-98CB-6A547831AE9D}.Debug|Any CPU.Build.0 = Debug|Any CPU
		{2B363992-96AE-4945-98CB-6A547831AE9D}.Release|Any CPU.ActiveCfg = Release|Any CPU
		{2B363992-96AE-4945-98CB-6A547831AE9D}.Release|Any CPU.Build.0 = Release|Any CPU
		{4F2986F4-9935-425E-86B0-639A4EBA699A}.Debug|Any CPU.ActiveCfg = Debug|Any CPU
		{4F2986F4-9935-425E-86B0-639A4EBA699A}.Debug|Any CPU.Build.0 = Debug|Any CPU
		{4F2986F4-9935-425E-86B0-639A4EBA699A}.Release|Any CPU.ActiveCfg = Release|Any CPU
		{4F2986F4-9935-425E-86B0-639A4EBA699A}.Release|Any CPU.Build.0 = Release|Any CPU
		{34A0120A-00FB-4388-9F4B-D940C8497951}.Debug|Any CPU.ActiveCfg = Debug|Any CPU
		{34A0120A-00FB-4388-9F4B-D940C8497951}.Debug|Any CPU.Build.0 = Debug|Any CPU
		{34A0120A-00FB-4388-9F4B-D940C8497951}.Release|Any CPU.ActiveCfg = Release|Any CPU
		{34A0120A-00FB-4388-9F4B-D940C8497951}.Release|Any CPU.Build.0 = Release|Any CPU
		{7A08B1E1-3566-45A9-90F7-35EA6AD92870}.Debug|Any CPU.ActiveCfg = Debug|Any CPU
		{7A08B1E1-3566-45A9-90F7-35EA6AD92870}.Debug|Any CPU.Build.0 = Debug|Any CPU
		{7A08B1E1-3566-45A9-90F7-35EA6AD92870}.Release|Any CPU.ActiveCfg = Release|Any CPU
		{7A08B1E1-3566-45A9-90F7-35EA6AD92870}.Release|Any CPU.Build.0 = Release|Any CPU
		{79A29333-5B64-422F-898A-42212F3280F4}.Debug|Any CPU.ActiveCfg = Debug|Any CPU
		{79A29333-5B64-422F-898A-42212F3280F4}.Debug|Any CPU.Build.0 = Debug|Any CPU
		{79A29333-5B64-422F-898A-42212F3280F4}.Release|Any CPU.ActiveCfg = Release|Any CPU
		{79A29333-5B64-422F-898A-42212F3280F4}.Release|Any CPU.Build.0 = Release|Any CPU
		{2ED3617A-FE99-4C28-9475-6A89C1B1BC85}.Debug|Any CPU.ActiveCfg = Debug|Any CPU
		{2ED3617A-FE99-4C28-9475-6A89C1B1BC85}.Debug|Any CPU.Build.0 = Debug|Any CPU
		{2ED3617A-FE99-4C28-9475-6A89C1B1BC85}.Release|Any CPU.ActiveCfg = Release|Any CPU
		{2ED3617A-FE99-4C28-9475-6A89C1B1BC85}.Release|Any CPU.Build.0 = Release|Any CPU
	EndGlobalSection
	GlobalSection(SolutionProperties) = preSolution
		HideSolutionNode = FALSE
	EndGlobalSection
	GlobalSection(ExtensibilityGlobals) = postSolution
		SolutionGuid = {ABA6D996-945B-41FE-A0A2-7DA38EE2F4B9}
	EndGlobalSection
EndGlobal
